
Microsoft Visual Studio Solution File, Format Version 12.00
# Visual Studio Version 17
VisualStudioVersion = 17.1.32407.343
MinimumVisualStudioVersion = 10.0.40219.1
Project("{2150E333-8FDC-42A3-9474-1A3956D46DE8}") = "src", "src", "{5CEC1709-5EA7-47B4-9715-C4536EB941FD}"
EndProject
Project("{2150E333-8FDC-42A3-9474-1A3956D46DE8}") = "Core", "Core", "{58C40871-2EFE-4FCA-B9CA-674500196D45}"
EndProject
Project("{2150E333-8FDC-42A3-9474-1A3956D46DE8}") = "Infrastructure", "Infrastructure", "{BBE8D4D3-354B-4E97-A870-2D344F568C7D}"
EndProject
Project("{2150E333-8FDC-42A3-9474-1A3956D46DE8}") = "API", "API", "{EAFC8538-60A4-4A42-AD17-D10F79A10C30}"
EndProject
Project("{FAE04EC0-301F-11D3-BF4B-00C04F79EFBC}") = "Domain", "Domain\Domain.csproj", "{309D8A85-70F5-4C97-ADB9-04AC1CB29965}"
EndProject
Project("{2150E333-8FDC-42A3-9474-1A3956D46DE8}") = "Application", "Application", "{C2AB15B1-231C-415F-95FE-D04E5EBFC295}"
EndProject
Project("{FAE04EC0-301F-11D3-BF4B-00C04F79EFBC}") = "Application", "Application\Application.csproj", "{B535ACC0-C2D6-445C-991B-B843FB062E33}"
EndProject
Project("{FAE04EC0-301F-11D3-BF4B-00C04F79EFBC}") = "Infrastructure", "Infrastructure\Infrastructure.csproj", "{43F3587C-407C-472F-9DF9-7C714B7F8A2F}"
EndProject
Project("{FAE04EC0-301F-11D3-BF4B-00C04F79EFBC}") = "Persistence", "Persistence\Persistence.csproj", "{013EA4E9-E739-4A7B-A04D-082E82A471C7}"
EndProject
Project("{FAE04EC0-301F-11D3-BF4B-00C04F79EFBC}") = "TraveloAPI", "TraveloAPI\TraveloAPI.csproj", "{64240C03-C259-4D78-8AA8-DF85555F9F8B}"
EndProject
Global
	GlobalSection(SolutionConfigurationPlatforms) = preSolution
		Debug|Any CPU = Debug|Any CPU
		Release|Any CPU = Release|Any CPU
	EndGlobalSection
	GlobalSection(ProjectConfigurationPlatforms) = postSolution
		{309D8A85-70F5-4C97-ADB9-04AC1CB29965}.Debug|Any CPU.ActiveCfg = Debug|Any CPU
		{309D8A85-70F5-4C97-ADB9-04AC1CB29965}.Debug|Any CPU.Build.0 = Debug|Any CPU
		{309D8A85-70F5-4C97-ADB9-04AC1CB29965}.Release|Any CPU.ActiveCfg = Release|Any CPU
		{309D8A85-70F5-4C97-ADB9-04AC1CB29965}.Release|Any CPU.Build.0 = Release|Any CPU
		{B535ACC0-C2D6-445C-991B-B843FB062E33}.Debug|Any CPU.ActiveCfg = Debug|Any CPU
		{B535ACC0-C2D6-445C-991B-B843FB062E33}.Debug|Any CPU.Build.0 = Debug|Any CPU
		{B535ACC0-C2D6-445C-991B-B843FB062E33}.Release|Any CPU.ActiveCfg = Release|Any CPU
		{B535ACC0-C2D6-445C-991B-B843FB062E33}.Release|Any CPU.Build.0 = Release|Any CPU
		{43F3587C-407C-472F-9DF9-7C714B7F8A2F}.Debug|Any CPU.ActiveCfg = Debug|Any CPU
		{43F3587C-407C-472F-9DF9-7C714B7F8A2F}.Debug|Any CPU.Build.0 = Debug|Any CPU
		{43F3587C-407C-472F-9DF9-7C714B7F8A2F}.Release|Any CPU.ActiveCfg = Release|Any CPU
		{43F3587C-407C-472F-9DF9-7C714B7F8A2F}.Release|Any CPU.Build.0 = Release|Any CPU
		{013EA4E9-E739-4A7B-A04D-082E82A471C7}.Debug|Any CPU.ActiveCfg = Debug|Any CPU
		{013EA4E9-E739-4A7B-A04D-082E82A471C7}.Debug|Any CPU.Build.0 = Debug|Any CPU
		{013EA4E9-E739-4A7B-A04D-082E82A471C7}.Release|Any CPU.ActiveCfg = Release|Any CPU
		{013EA4E9-E739-4A7B-A04D-082E82A471C7}.Release|Any CPU.Build.0 = Release|Any CPU
		{64240C03-C259-4D78-8AA8-DF85555F9F8B}.Debug|Any CPU.ActiveCfg = Debug|Any CPU
		{64240C03-C259-4D78-8AA8-DF85555F9F8B}.Debug|Any CPU.Build.0 = Debug|Any CPU
		{64240C03-C259-4D78-8AA8-DF85555F9F8B}.Release|Any CPU.ActiveCfg = Release|Any CPU
		{64240C03-C259-4D78-8AA8-DF85555F9F8B}.Release|Any CPU.Build.0 = Release|Any CPU
	EndGlobalSection
	GlobalSection(SolutionProperties) = preSolution
		HideSolutionNode = FALSE
	EndGlobalSection
	GlobalSection(NestedProjects) = preSolution
		{58C40871-2EFE-4FCA-B9CA-674500196D45} = {5CEC1709-5EA7-47B4-9715-C4536EB941FD}
		{BBE8D4D3-354B-4E97-A870-2D344F568C7D} = {5CEC1709-5EA7-47B4-9715-C4536EB941FD}
		{EAFC8538-60A4-4A42-AD17-D10F79A10C30} = {5CEC1709-5EA7-47B4-9715-C4536EB941FD}
		{309D8A85-70F5-4C97-ADB9-04AC1CB29965} = {58C40871-2EFE-4FCA-B9CA-674500196D45}
		{C2AB15B1-231C-415F-95FE-D04E5EBFC295} = {5CEC1709-5EA7-47B4-9715-C4536EB941FD}
		{B535ACC0-C2D6-445C-991B-B843FB062E33} = {C2AB15B1-231C-415F-95FE-D04E5EBFC295}
		{43F3587C-407C-472F-9DF9-7C714B7F8A2F} = {BBE8D4D3-354B-4E97-A870-2D344F568C7D}
		{013EA4E9-E739-4A7B-A04D-082E82A471C7} = {BBE8D4D3-354B-4E97-A870-2D344F568C7D}
		{64240C03-C259-4D78-8AA8-DF85555F9F8B} = {EAFC8538-60A4-4A42-AD17-D10F79A10C30}
	EndGlobalSection
	GlobalSection(ExtensibilityGlobals) = postSolution
		SolutionGuid = {23AFDA3C-CCFB-4CA8-BE46-BD981A1525B6}
	EndGlobalSection
EndGlobal
